
Microsoft Visual Studio Solution File, Format Version 12.00
# Visual Studio 15
VisualStudioVersion = 15.0.27428.2027
MinimumVisualStudioVersion = 10.0.40219.1
Project("{FAE04EC0-301F-11D3-BF4B-00C04F79EFBC}") = "Leroy", "Leroy\Leroy.csproj", "{C540FE0C-8D3B-4DE9-A730-72791CDC3253}"
EndProject
Global
	GlobalSection(SolutionConfigurationPlatforms) = preSolution
		Debug|Any CPU = Debug|Any CPU
		Release|Any CPU = Release|Any CPU
	EndGlobalSection
	GlobalSection(ProjectConfigurationPlatforms) = postSolution
		{C540FE0C-8D3B-4DE9-A730-72791CDC3253}.Debug|Any CPU.ActiveCfg = Debug|Any CPU
		{C540FE0C-8D3B-4DE9-A730-72791CDC3253}.Debug|Any CPU.Build.0 = Debug|Any CPU
		{C540FE0C-8D3B-4DE9-A730-72791CDC3253}.Release|Any CPU.ActiveCfg = Release|Any CPU
		{C540FE0C-8D3B-4DE9-A730-72791CDC3253}.Release|Any CPU.Build.0 = Release|Any CPU
	EndGlobalSection
	GlobalSection(SolutionProperties) = preSolution
		HideSolutionNode = FALSE
	EndGlobalSection
	GlobalSection(ExtensibilityGlobals) = postSolution
		SolutionGuid = {11931B6F-49C6-4931-8910-378639F3DC8A}
	EndGlobalSection
EndGlobal
